
Microsoft Visual Studio Solution File, Format Version 12.00
# Visual Studio 15
VisualStudioVersion = 15.0.27130.2036
MinimumVisualStudioVersion = 10.0.40219.1
Project("{FAE04EC0-301F-11D3-BF4B-00C04F79EFBC}") = "DOS_Technical_Test", "DOS_Technical_Test\DOS_Technical_Test.csproj", "{15042F32-5FE6-49CF-BDF1-68ED6E682958}"
EndProject
Global
	GlobalSection(SolutionConfigurationPlatforms) = preSolution
		Debug|Any CPU = Debug|Any CPU
		Release|Any CPU = Release|Any CPU
	EndGlobalSection
	GlobalSection(ProjectConfigurationPlatforms) = postSolution
		{15042F32-5FE6-49CF-BDF1-68ED6E682958}.Debug|Any CPU.ActiveCfg = Debug|Any CPU
		{15042F32-5FE6-49CF-BDF1-68ED6E682958}.Debug|Any CPU.Build.0 = Debug|Any CPU
		{15042F32-5FE6-49CF-BDF1-68ED6E682958}.Release|Any CPU.ActiveCfg = Release|Any CPU
		{15042F32-5FE6-49CF-BDF1-68ED6E682958}.Release|Any CPU.Build.0 = Release|Any CPU
	EndGlobalSection
	GlobalSection(SolutionProperties) = preSolution
		HideSolutionNode = FALSE
	EndGlobalSection
	GlobalSection(ExtensibilityGlobals) = postSolution
		SolutionGuid = {FF8429BD-A9DC-4974-8619-34956339B9D4}
	EndGlobalSection
EndGlobal
